
Microsoft Visual Studio Solution File, Format Version 12.00
# Visual Studio Version 17
VisualStudioVersion = 17.14.36623.8 d17.14
MinimumVisualStudioVersion = 10.0.40219.1
Project("{FAE04EC0-301F-11D3-BF4B-00C04F79EFBC}") = "_30_MethodOverriding", "_30_MethodOverriding.csproj", "{0BD8B721-41BD-4F9A-8379-9A29B512BB68}"
EndProject
Global
	GlobalSection(SolutionConfigurationPlatforms) = preSolution
		Debug|Any CPU = Debug|Any CPU
		Release|Any CPU = Release|Any CPU
	EndGlobalSection
	GlobalSection(ProjectConfigurationPlatforms) = postSolution
		{0BD8B721-41BD-4F9A-8379-9A29B512BB68}.Debug|Any CPU.ActiveCfg = Debug|Any CPU
		{0BD8B721-41BD-4F9A-8379-9A29B512BB68}.Debug|Any CPU.Build.0 = Debug|Any CPU
		{0BD8B721-41BD-4F9A-8379-9A29B512BB68}.Release|Any CPU.ActiveCfg = Release|Any CPU
		{0BD8B721-41BD-4F9A-8379-9A29B512BB68}.Release|Any CPU.Build.0 = Release|Any CPU
	EndGlobalSection
	GlobalSection(SolutionProperties) = preSolution
		HideSolutionNode = FALSE
	EndGlobalSection
	GlobalSection(ExtensibilityGlobals) = postSolution
		SolutionGuid = {565588F0-80E9-444B-A833-50C8ED44C988}
	EndGlobalSection
EndGlobal
