
Microsoft Visual Studio Solution File, Format Version 12.00
# Visual Studio Version 17
VisualStudioVersion = 17.14.36623.8 d17.14
MinimumVisualStudioVersion = 10.0.40219.1
Project("{FAE04EC0-301F-11D3-BF4B-00C04F79EFBC}") = "_32_Interfaces", "_32_Interfaces.csproj", "{9A67B675-428C-4487-8D9A-AE77AA1BE49F}"
EndProject
Global
	GlobalSection(SolutionConfigurationPlatforms) = preSolution
		Debug|Any CPU = Debug|Any CPU
		Release|Any CPU = Release|Any CPU
	EndGlobalSection
	GlobalSection(ProjectConfigurationPlatforms) = postSolution
		{9A67B675-428C-4487-8D9A-AE77AA1BE49F}.Debug|Any CPU.ActiveCfg = Debug|Any CPU
		{9A67B675-428C-4487-8D9A-AE77AA1BE49F}.Debug|Any CPU.Build.0 = Debug|Any CPU
		{9A67B675-428C-4487-8D9A-AE77AA1BE49F}.Release|Any CPU.ActiveCfg = Release|Any CPU
		{9A67B675-428C-4487-8D9A-AE77AA1BE49F}.Release|Any CPU.Build.0 = Release|Any CPU
	EndGlobalSection
	GlobalSection(SolutionProperties) = preSolution
		HideSolutionNode = FALSE
	EndGlobalSection
	GlobalSection(ExtensibilityGlobals) = postSolution
		SolutionGuid = {A29DB0B5-1CD8-4E17-8D9C-8B7EC6E62C39}
	EndGlobalSection
EndGlobal
